PODS:
  - SimulatorStatusMagic (2.1)

DEPENDENCIES:
  - SimulatorStatusMagic (~> 2.1)

SPEC REPOS:
  https://github.com/CocoaPods/Specs.git:
    - SimulatorStatusMagic

SPEC CHECKSUMS:
  SimulatorStatusMagic: 481558caf2b9ccb2ceba2cc193728d4db3dcac07

PODFILE CHECKSUM: abc4475ab98aeea39fa03e9019a40edc57c83a57

COCOAPODS: 1.5.0
